// !$*UTF8*$!
{
	archiveVersion = 1;
	classes = {
	};
	objectVersion = 55;
	objects = {

/* Begin PBXBuildFile section */
		F13E013C2835FEFC00FCE0AD /* usersApp.swift in Sources */ = {isa = PBXBuildFile; fileRef = F13E013B2835FEFC00FCE0AD /* usersApp.swift */; };
		F13E013E2835FEFC00FCE0AD /* ContentView.swift in Sources */ = {isa = PBXBuildFile; fileRef = F13E013D2835FEFC00FCE0AD /* ContentView.swift */; };
		F13E01402835FEFD00FCE0AD /* Assets.xcassets in Resources */ = {isa = PBXBuildFile; fileRef = F13E013F2835FEFD00FCE0AD /* Assets.xcassets */; };
		F13E01432835FEFD00FCE0AD /* Preview Assets.xcassets in Resources */ = {isa = PBXBuildFile; fileRef = F13E01422835FEFD00FCE0AD /* Preview Assets.xcassets */; };
		F13E014D2835FEFD00FCE0AD /* usersTests.swift in Sources */ = {isa = PBXBuildFile; fileRef = F13E014C2835FEFD00FCE0AD /* usersTests.swift */; };
		F13E01572835FEFD00FCE0AD /* usersUITests.swift in Sources */ = {isa = PBXBuildFile; fileRef = F13E01562835FEFD00FCE0AD /* usersUITests.swift */; };
		F13E01592835FEFD00FCE0AD /* usersUITestsLaunchTests.swift in Sources */ = {isa = PBXBuildFile; fileRef = F13E01582835FEFD00FCE0AD /* usersUITestsLaunchTests.swift */; };
/* End PBXBuildFile section */

/* Begin PBXContainerItemProxy section */
		F13E01492835FEFD00FCE0AD /* PBXContainerItemProxy */ = {
			isa = PBXContainerItemProxy;
			containerPortal = F13E01302835FEFC00FCE0AD /* Project object */;
			proxyType = 1;
			remoteGlobalIDString = F13E01372835FEFC00FCE0AD;
			remoteInfo = users;
		};
		F13E01532835FEFD00FCE0AD /* PBXContainerItemProxy */ = {
			isa = PBXContainerItemProxy;
			containerPortal = F13E01302835FEFC00FCE0AD /* Project object */;
			proxyType = 1;
			remoteGlobalIDString = F13E01372835FEFC00FCE0AD;
			remoteInfo = users;
		};
/* End PBXContainerItemProxy section */

/* Begin PBXFileReference section */
		F13E01382835FEFC00FCE0AD /* users.app */ = {isa = PBXFileReference; explicitFileType = wrapper.application; includeInIndex = 0; path = users.app; sourceTree = BUILT_PRODUCTS_DIR; };
		F13E013B2835FEFC00FCE0AD /* usersApp.swift */ = {isa = PBXFileReference; lastKnownFileType = sourcecode.swift; path = usersApp.swift; sourceTree = "<group>"; };
		F13E013D2835FEFC00FCE0AD /* ContentView.swift */ = {isa = PBXFileReference; lastKnownFileType = sourcecode.swift; path = ContentView.swift; sourceTree = "<group>"; };
		F13E013F2835FEFD00FCE0AD /* Assets.xcassets */ = {isa = PBXFileReference; lastKnownFileType = folder.assetcatalog; path = Assets.xcassets; sourceTree = "<group>"; };
		F13E01422835FEFD00FCE0AD /* Preview Assets.xcassets */ = {isa = PBXFileReference; lastKnownFileType = folder.assetcatalog; path = "Preview Assets.xcassets"; sourceTree = "<group>"; };
		F13E01482835FEFD00FCE0AD /* usersTests.xctest */ = {isa = PBXFileReference; explicitFileType = wrapper.cfbundle; includeInIndex = 0; path = usersTests.xctest; sourceTree = BUILT_PRODUCTS_DIR; };
		F13E014C2835FEFD00FCE0AD /* usersTests.swift */ = {isa = PBXFileReference; lastKnownFileType = sourcecode.swift; path = usersTests.swift; sourceTree = "<group>"; };
		F13E01522835FEFD00FCE0AD /* usersUITests.xctest */ = {isa = PBXFileReference; explicitFileType = wrapper.cfbundle; includeInIndex = 0; path = usersUITests.xctest; sourceTree = BUILT_PRODUCTS_DIR; };
		F13E01562835FEFD00FCE0AD /* usersUITests.swift */ = {isa = PBXFileReference; lastKnownFileType = sourcecode.swift; path = usersUITests.swift; sourceTree = "<group>"; };
		F13E01582835FEFD00FCE0AD /* usersUITestsLaunchTests.swift */ = {isa = PBXFileReference; lastKnownFileType = sourcecode.swift; path = usersUITestsLaunchTests.swift; sourceTree = "<group>"; };
/* End PBXFileReference section */

/* Begin PBXFrameworksBuildPhase section */
		F13E01352835FEFC00FCE0AD /* Frameworks */ = {
			isa = PBXFrameworksBuildPhase;
			buildActionMask = 2147483647;
			files = (
			);
			runOnlyForDeploymentPostprocessing = 0;
		};
		F13E01452835FEFD00FCE0AD /* Frameworks */ = {
			isa = PBXFrameworksBuildPhase;
			buildActionMask = 2147483647;
			files = (
			);
			runOnlyForDeploymentPostprocessing = 0;
		};
		F13E014F2835FEFD00FCE0AD /* Frameworks */ = {
			isa = PBXFrameworksBuildPhase;
			buildActionMask = 2147483647;
			files = (
			);
			runOnlyForDeploymentPostprocessing = 0;
		};
/* End PBXFrameworksBuildPhase section */

/* Begin PBXGroup section */
		F13E012F2835FEFC00FCE0AD = {
			isa = PBXGroup;
			children = (
				F13E013A2835FEFC00FCE0AD /* users */,
				F13E014B2835FEFD00FCE0AD /* usersTests */,
				F13E01552835FEFD00FCE0AD /* usersUITests */,
				F13E01392835FEFC00FCE0AD /* Products */,
			);
			sourceTree = "<group>";
		};
		F13E01392835FEFC00FCE0AD /* Products */ = {
			isa = PBXGroup;
			children = (
				F13E01382835FEFC00FCE0AD /* users.app */,
				F13E01482835FEFD00FCE0AD /* usersTests.xctest */,
				F13E01522835FEFD00FCE0AD /* usersUITests.xctest */,
			);
			name = Products;
			sourceTree = "<group>";
		};
		F13E013A2835FEFC00FCE0AD /* users */ = {
			isa = PBXGroup;
			children = (
				F13E013B2835FEFC00FCE0AD /* usersApp.swift */,
				F13E013D2835FEFC00FCE0AD /* ContentView.swift */,
				F13E013F2835FEFD00FCE0AD /* Assets.xcassets */,
				F13E01412835FEFD00FCE0AD /* Preview Content */,
			);
			path = users;
			sourceTree = "<group>";
		};
		F13E01412835FEFD00FCE0AD /* Preview Content */ = {
			isa = PBXGroup;
			children = (
				F13E01422835FEFD00FCE0AD /* Preview Assets.xcassets */,
			);
			path = "Preview Content";
			sourceTree = "<group>";
		};
		F13E014B2835FEFD00FCE0AD /* usersTests */ = {
			isa = PBXGroup;
			children = (
				F13E014C2835FEFD00FCE0AD /* usersTests.swift */,
			);
			path = usersTests;
			sourceTree = "<group>";
		};
		F13E01552835FEFD00FCE0AD /* usersUITests */ = {
			isa = PBXGroup;
			children = (
				F13E01562835FEFD00FCE0AD /* usersUITests.swift */,
				F13E01582835FEFD00FCE0AD /* usersUITestsLaunchTests.swift */,
			);
			path = usersUITests;
			sourceTree = "<group>";
		};
/* End PBXGroup section */

/* Begin PBXNativeTarget section */
		F13E01372835FEFC00FCE0AD /* users */ = {
			isa = PBXNativeTarget;
			buildConfigurationList = F13E015C2835FEFD00FCE0AD /* Build configuration list for PBXNativeTarget "users" */;
			buildPhases = (
				F13E01342835FEFC00FCE0AD /* Sources */,
				F13E01352835FEFC00FCE0AD /* Frameworks */,
				F13E01362835FEFC00FCE0AD /* Resources */,
			);
			buildRules = (
			);
			dependencies = (
			);
			name = users;
			productName = users;
			productReference = F13E01382835FEFC00FCE0AD /* users.app */;
			productType = "com.apple.product-type.application";
		};
		F13E01472835FEFD00FCE0AD /* usersTests */ = {
			isa = PBXNativeTarget;
			buildConfigurationList = F13E015F2835FEFD00FCE0AD /* Build configuration list for PBXNativeTarget "usersTests" */;
			buildPhases = (
				F13E01442835FEFD00FCE0AD /* Sources */,
				F13E01452835FEFD00FCE0AD /* Frameworks */,
				F13E01462835FEFD00FCE0AD /* Resources */,
			);
			buildRules = (
			);
			dependencies = (
				F13E014A2835FEFD00FCE0AD /* PBXTargetDependency */,
			);
			name = usersTests;
			productName = usersTests;
			productReference = F13E01482835FEFD00FCE0AD /* usersTests.xctest */;
			productType = "com.apple.product-type.bundle.unit-test";
		};
		F13E01512835FEFD00FCE0AD /* usersUITests */ = {
			isa = PBXNativeTarget;
			buildConfigurationList = F13E01622835FEFD00FCE0AD /* Build configuration list for PBXNativeTarget "usersUITests" */;
			buildPhases = (
				F13E014E2835FEFD00FCE0AD /* Sources */,
				F13E014F2835FEFD00FCE0AD /* Frameworks */,
				F13E01502835FEFD00FCE0AD /* Resources */,
			);
			buildRules = (
			);
			dependencies = (
				F13E01542835FEFD00FCE0AD /* PBXTargetDependency */,
			);
			name = usersUITests;
			productName = usersUITests;
			productReference = F13E01522835FEFD00FCE0AD /* usersUITests.xctest */;
			productType = "com.apple.product-type.bundle.ui-testing";
		};
/* End PBXNativeTarget section */

/* Begin PBXProject section */
		F13E01302835FEFC00FCE0AD /* Project object */ = {
			isa = PBXProject;
			attributes = {
				BuildIndependentTargetsInParallel = 1;
				LastSwiftUpdateCheck = 1330;
				LastUpgradeCheck = 1330;
				TargetAttributes = {
					F13E01372835FEFC00FCE0AD = {
						CreatedOnToolsVersion = 13.3.1;
					};
					F13E01472835FEFD00FCE0AD = {
						CreatedOnToolsVersion = 13.3.1;
						TestTargetID = F13E01372835FEFC00FCE0AD;
					};
					F13E01512835FEFD00FCE0AD = {
						CreatedOnToolsVersion = 13.3.1;
						TestTargetID = F13E01372835FEFC00FCE0AD;
					};
				};
			};
			buildConfigurationList = F13E01332835FEFC00FCE0AD /* Build configuration list for PBXProject "users" */;
			compatibilityVersion = "Xcode 13.0";
			developmentRegion = en;
			hasScannedForEncodings = 0;
			knownRegions = (
				en,
				Base,
			);
			mainGroup = F13E012F2835FEFC00FCE0AD;
			productRefGroup = F13E01392835FEFC00FCE0AD /* Products */;
			projectDirPath = "";
			projectRoot = "";
			targets = (
				F13E01372835FEFC00FCE0AD /* users */,
				F13E01472835FEFD00FCE0AD /* usersTests */,
				F13E01512835FEFD00FCE0AD /* usersUITests */,
			);
		};
/* End PBXProject section */

/* Begin PBXResourcesBuildPhase section */
		F13E01362835FEFC00FCE0AD /* Resources */ = {
			isa = PBXResourcesBuildPhase;
			buildActionMask = 2147483647;
			files = (
				F13E01432835FEFD00FCE0AD /* Preview Assets.xcassets in Resources */,
				F13E01402835FEFD00FCE0AD /* Assets.xcassets in Resources */,
			);
			runOnlyForDeploymentPostprocessing = 0;
		};
		F13E01462835FEFD00FCE0AD /* Resources */ = {
			isa = PBXResourcesBuildPhase;
			buildActionMask = 2147483647;
			files = (
			);
			runOnlyForDeploymentPostprocessing = 0;
		};
		F13E01502835FEFD00FCE0AD /* Resources */ = {
			isa = PBXResourcesBuildPhase;
			buildActionMask = 2147483647;
			files = (
			);
			runOnlyForDeploymentPostprocessing = 0;
		};
/* End PBXResourcesBuildPhase section */

/* Begin PBXSourcesBuildPhase section */
		F13E01342835FEFC00FCE0AD /* Sources */ = {
			isa = PBXSourcesBuildPhase;
			buildActionMask = 2147483647;
			files = (
				F13E013E2835FEFC00FCE0AD /* ContentView.swift in Sources */,
				F13E013C2835FEFC00FCE0AD /* usersApp.swift in Sources */,
			);
			runOnlyForDeploymentPostprocessing = 0;
		};
		F13E01442835FEFD00FCE0AD /* Sources */ = {
			isa = PBXSourcesBuildPhase;
			buildActionMask = 2147483647;
			files = (
				F13E014D2835FEFD00FCE0AD /* usersTests.swift in Sources */,
			);
			runOnlyForDeploymentPostprocessing = 0;
		};
		F13E014E2835FEFD00FCE0AD /* Sources */ = {
			isa = PBXSourcesBuildPhase;
			buildActionMask = 2147483647;
			files = (
				F13E01572835FEFD00FCE0AD /* usersUITests.swift in Sources */,
				F13E01592835FEFD00FCE0AD /* usersUITestsLaunchTests.swift in Sources */,
			);
			runOnlyForDeploymentPostprocessing = 0;
		};
/* End PBXSourcesBuildPhase section */

/* Begin PBXTargetDependency section */
		F13E014A2835FEFD00FCE0AD /* PBXTargetDependency */ = {
			isa = PBXTargetDependency;
			target = F13E01372835FEFC00FCE0AD /* users */;
			targetProxy = F13E01492835FEFD00FCE0AD /* PBXContainerItemProxy */;
		};
		F13E01542835FEFD00FCE0AD /* PBXTargetDependency */ = {
			isa = PBXTargetDependency;
			target = F13E01372835FEFC00FCE0AD /* users */;
			targetProxy = F13E01532835FEFD00FCE0AD /* PBXContainerItemProxy */;
		};
/* End PBXTargetDependency section */

/* Begin XCBuildConfiguration section */
		F13E015A2835FEFD00FCE0AD /* Debug */ = {
			isa = XCBuildConfiguration;
			buildSettings = {
				ALWAYS_SEARCH_USER_PATHS = NO;
				CLANG_ANALYZER_NONNULL = YES;
				CLANG_ANALYZER_NUMBER_OBJECT_CONVERSION = YES_AGGRESSIVE;
				CLANG_CXX_LANGUAGE_STANDARD = "gnu++17";
				CLANG_ENABLE_MODULES = YES;
				CLANG_ENABLE_OBJC_ARC = YES;
				CLANG_ENABLE_OBJC_WEAK = YES;
				CLANG_WARN_BLOCK_CAPTURE_AUTORELEASING = YES;
				CLANG_WARN_BOOL_CONVERSION = YES;
				CLANG_WARN_COMMA = YES;
				CLANG_WARN_CONSTANT_CONVERSION = YES;
				CLANG_WARN_DEPRECATED_OBJC_IMPLEMENTATIONS = YES;
				CLANG_WARN_DIRECT_OBJC_ISA_USAGE = YES_ERROR;
				CLANG_WARN_DOCUMENTATION_COMMENTS = YES;
				CLANG_WARN_EMPTY_BODY = YES;
				CLANG_WARN_ENUM_CONVERSION = YES;
				CLANG_WARN_INFINITE_RECURSION = YES;
				CLANG_WARN_INT_CONVERSION = YES;
				CLANG_WARN_NON_LITERAL_NULL_CONVERSION = YES;
				CLANG_WARN_OBJC_IMPLICIT_RETAIN_SELF = YES;
				CLANG_WARN_OBJC_LITERAL_CONVERSION = YES;
				CLANG_WARN_OBJC_ROOT_CLASS = YES_ERROR;
				CLANG_WARN_QUOTED_INCLUDE_IN_FRAMEWORK_HEADER = YES;
				CLANG_WARN_RANGE_LOOP_ANALYSIS = YES;
				CLANG_WARN_STRICT_PROTOTYPES = YES;
				CLANG_WARN_SUSPICIOUS_MOVE = YES;
				CLANG_WARN_UNGUARDED_AVAILABILITY = YES_AGGRESSIVE;
				CLANG_WARN_UNREACHABLE_CODE = YES;
				CLANG_WARN__DUPLICATE_METHOD_MATCH = YES;
				COPY_PHASE_STRIP = NO;
				DEBUG_INFORMATION_FORMAT = dwarf;
				ENABLE_STRICT_OBJC_MSGSEND = YES;
				ENABLE_TESTABILITY = YES;
				GCC_C_LANGUAGE_STANDARD = gnu11;
				GCC_DYNAMIC_NO_PIC = NO;
				GCC_NO_COMMON_BLOCKS = YES;
				GCC_OPTIMIZATION_LEVEL = 0;
				GCC_PREPROCESSOR_DEFINITIONS = (
					"DEBUG=1",
					"$(inherited)",
				);
				GCC_WARN_64_TO_32_BIT_CONVERSION = YES;
				GCC_WARN_ABOUT_RETURN_TYPE = YES_ERROR;
				GCC_WARN_UNDECLARED_SELECTOR = YES;
				GCC_WARN_UNINITIALIZED_AUTOS = YES_AGGRESSIVE;
				GCC_WARN_UNUSED_FUNCTION = YES;
				GCC_WARN_UNUSED_VARIABLE = YES;
				IPHONEOS_DEPLOYMENT_TARGET = 15.4;
				MTL_ENABLE_DEBUG_INFO = INCLUDE_SOURCE;
				MTL_FAST_MATH = YES;
				ONLY_ACTIVE_ARCH = YES;
				SDKROOT = iphoneos;
				SWIFT_ACTIVE_COMPILATION_CONDITIONS = DEBUG;
				SWIFT_OPTIMIZATION_LEVEL = "-Onone";
			};
			name = Debug;
		};
		F13E015B2835FEFD00FCE0AD /* Release */ = {
			isa = XCBuildConfiguration;
			buildSettings = {
				ALWAYS_SEARCH_USER_PATHS = NO;
				CLANG_ANALYZER_NONNULL = YES;
				CLANG_ANALYZER_NUMBER_OBJECT_CONVERSION = YES_AGGRESSIVE;
				CLANG_CXX_LANGUAGE_STANDARD = "gnu++17";
				CLANG_ENABLE_MODULES = YES;
				CLANG_ENABLE_OBJC_ARC = YES;
				CLANG_ENABLE_OBJC_WEAK = YES;
				CLANG_WARN_BLOCK_CAPTURE_AUTORELEASING = YES;
				CLANG_WARN_BOOL_CONVERSION = YES;
				CLANG_WARN_COMMA = YES;
				CLANG_WARN_CONSTANT_CONVERSION = YES;
				CLANG_WARN_DEPRECATED_OBJC_IMPLEMENTATIONS = YES;
				CLANG_WARN_DIRECT_OBJC_ISA_USAGE = YES_ERROR;
				CLANG_WARN_DOCUMENTATION_COMMENTS = YES;
				CLANG_WARN_EMPTY_BODY = YES;
				CLANG_WARN_ENUM_CONVERSION = YES;
				CLANG_WARN_INFINITE_RECURSION = YES;
				CLANG_WARN_INT_CONVERSION = YES;
				CLANG_WARN_NON_LITERAL_NULL_CONVERSION = YES;
				CLANG_WARN_OBJC_IMPLICIT_RETAIN_SELF = YES;
				CLANG_WARN_OBJC_LITERAL_CONVERSION = YES;
				CLANG_WARN_OBJC_ROOT_CLASS = YES_ERROR;
				CLANG_WARN_QUOTED_INCLUDE_IN_FRAMEWORK_HEADER = YES;
				CLANG_WARN_RANGE_LOOP_ANALYSIS = YES;
				CLANG_WARN_STRICT_PROTOTYPES = YES;
				CLANG_WARN_SUSPICIOUS_MOVE = YES;
				CLANG_WARN_UNGUARDED_AVAILABILITY = YES_AGGRESSIVE;
				CLANG_WARN_UNREACHABLE_CODE = YES;
				CLANG_WARN__DUPLICATE_METHOD_MATCH = YES;
				COPY_PHASE_STRIP = NO;
				DEBUG_INFORMATION_FORMAT = "dwarf-with-dsym";
				ENABLE_NS_ASSERTIONS = NO;
				ENABLE_STRICT_OBJC_MSGSEND = YES;
				GCC_C_LANGUAGE_STANDARD = gnu11;
				GCC_NO_COMMON_BLOCKS = YES;
				GCC_WARN_64_TO_32_BIT_CONVERSION = YES;
				GCC_WARN_ABOUT_RETURN_TYPE = YES_ERROR;
				GCC_WARN_UNDECLARED_SELECTOR = YES;
				GCC_WARN_UNINITIALIZED_AUTOS = YES_AGGRESSIVE;
				GCC_WARN_UNUSED_FUNCTION = YES;
				GCC_WARN_UNUSED_VARIABLE = YES;
				IPHONEOS_DEPLOYMENT_TARGET = 15.4;
				MTL_ENABLE_DEBUG_INFO = NO;
				MTL_FAST_MATH = YES;
				SDKROOT = iphoneos;
				SWIFT_COMPILATION_MODE = wholemodule;
				SWIFT_OPTIMIZATION_LEVEL = "-O";
				VALIDATE_PRODUCT = YES;
			};
			name = Release;
		};
		F13E015D2835FEFD00FCE0AD /* Debug */ = {
			isa = XCBuildConfiguration;
			buildSettings = {
				ASSETCATALOG_COMPILER_APPICON_NAME = AppIcon;
				ASSETCATALOG_COMPILER_GLOBAL_ACCENT_COLOR_NAME = AccentColor;
				CODE_SIGN_STYLE = Automatic;
				CURRENT_PROJECT_VERSION = 1;
				DEVELOPMENT_ASSET_PATHS = "\"users/Preview Content\"";
				DEVELOPMENT_TEAM = J9683NQVGY;
				ENABLE_PREVIEWS = YES;
				GENERATE_INFOPLIST_FILE = YES;
				INFOPLIST_KEY_UIApplicationSceneManifest_Generation = YES;
				INFOPLIST_KEY_UIApplicationSupportsIndirectInputEvents = YES;
				INFOPLIST_KEY_UILaunchScreen_Generation = YES;
				INFOPLIST_KEY_UISupportedInterfaceOrientations_iPad = "UIInterfaceOrientationPortrait UIInterfaceOrientationPortraitUpsideDown UIInterfaceOrientationLandscapeLeft UIInterfaceOrientationLandscapeRight";
				INFOPLIST_KEY_UISupportedInterfaceOrientations_iPhone = "UIInterfaceOrientationPortrait UIInterfaceOrientationLandscapeLeft UIInterfaceOrientationLandscapeRight";
				LD_RUNPATH_SEARCH_PATHS = (
					"$(inherited)",
					"@executable_path/Frameworks",
				);
				MARKETING_VERSION = 1.0;
				PRODUCT_BUNDLE_IDENTIFIER = com.example.users;
				PRODUCT_NAME = "$(TARGET_NAME)";
				SWIFT_EMIT_LOC_STRINGS = YES;
				SWIFT_VERSION = 5.0;
				TARGETED_DEVICE_FAMILY = "1,2";
			};
			name = Debug;
		};
		F13E015E2835FEFD00FCE0AD /* Release */ = {
			isa = XCBuildConfiguration;
			buildSettings = {
				ASSETCATALOG_COMPILER_APPICON_NAME = AppIcon;
				ASSETCATALOG_COMPILER_GLOBAL_ACCENT_COLOR_NAME = AccentColor;
				CODE_SIGN_STYLE = Automatic;
				CURRENT_PROJECT_VERSION = 1;
				DEVELOPMENT_ASSET_PATHS = "\"users/Preview Content\"";
				DEVELOPMENT_TEAM = J9683NQVGY;
				ENABLE_PREVIEWS = YES;
				GENERATE_INFOPLIST_FILE = YES;
				INFOPLIST_KEY_UIApplicationSceneManifest_Generation = YES;
				INFOPLIST_KEY_UIApplicationSupportsIndirectInputEvents = YES;
				INFOPLIST_KEY_UILaunchScreen_Generation = YES;
				INFOPLIST_KEY_UISupportedInterfaceOrientations_iPad = "UIInterfaceOrientationPortrait UIInterfaceOrientationPortraitUpsideDown UIInterfaceOrientationLandscapeLeft UIInterfaceOrientationLandscapeRight";
				INFOPLIST_KEY_UISupportedInterfaceOrientations_iPhone = "UIInterfaceOrientationPortrait UIInterfaceOrientationLandscapeLeft UIInterfaceOrientationLandscapeRight";
				LD_RUNPATH_SEARCH_PATHS = (
					"$(inherited)",
					"@executable_path/Frameworks",
				);
				MARKETING_VERSION = 1.0;
				PRODUCT_BUNDLE_IDENTIFIER = com.example.users;
				PRODUCT_NAME = "$(TARGET_NAME)";
				SWIFT_EMIT_LOC_STRINGS = YES;
				SWIFT_VERSION = 5.0;
				TARGETED_DEVICE_FAMILY = "1,2";
			};
			name = Release;
		};
		F13E01602835FEFD00FCE0AD /* Debug */ = {
			isa = XCBuildConfiguration;
			buildSettings = {
				ALWAYS_EMBED_SWIFT_STANDARD_LIBRARIES = YES;
				BUNDLE_LOADER = "$(TEST_HOST)";
				CODE_SIGN_STYLE = Automatic;
				CURRENT_PROJECT_VERSION = 1;
				DEVELOPMENT_TEAM = J9683NQVGY;
				GENERATE_INFOPLIST_FILE = YES;
				IPHONEOS_DEPLOYMENT_TARGET = 15.4;
				MARKETING_VERSION = 1.0;
				PRODUCT_BUNDLE_IDENTIFIER = com.example.usersTests;
				PRODUCT_NAME = "$(TARGET_NAME)";
				SWIFT_EMIT_LOC_STRINGS = NO;
				SWIFT_VERSION = 5.0;
				TARGETED_DEVICE_FAMILY = "1,2";
				TEST_HOST = "$(BUILT_PRODUCTS_DIR)/users.app/users";
			};
			name = Debug;
		};
		F13E01612835FEFD00FCE0AD /* Release */ = {
			isa = XCBuildConfiguration;
			buildSettings = {
				ALWAYS_EMBED_SWIFT_STANDARD_LIBRARIES = YES;
				BUNDLE_LOADER = "$(TEST_HOST)";
				CODE_SIGN_STYLE = Automatic;
				CURRENT_PROJECT_VERSION = 1;
				DEVELOPMENT_TEAM = J9683NQVGY;
				GENERATE_INFOPLIST_FILE = YES;
				IPHONEOS_DEPLOYMENT_TARGET = 15.4;
				MARKETING_VERSION = 1.0;
				PRODUCT_BUNDLE_IDENTIFIER = com.example.usersTests;
				PRODUCT_NAME = "$(TARGET_NAME)";
				SWIFT_EMIT_LOC_STRINGS = NO;
				SWIFT_VERSION = 5.0;
				TARGETED_DEVICE_FAMILY = "1,2";
				TEST_HOST = "$(BUILT_PRODUCTS_DIR)/users.app/users";
			};
			name = Release;
		};
		F13E01632835FEFD00FCE0AD /* Debug */ = {
			isa = XCBuildConfiguration;
			buildSettings = {
				ALWAYS_EMBED_SWIFT_STANDARD_LIBRARIES = YES;
				CODE_SIGN_STYLE = Automatic;
				CURRENT_PROJECT_VERSION = 1;
				DEVELOPMENT_TEAM = J9683NQVGY;
				GENERATE_INFOPLIST_FILE = YES;
				MARKETING_VERSION = 1.0;
				PRODUCT_BUNDLE_IDENTIFIER = com.example.usersUITests;
				PRODUCT_NAME = "$(TARGET_NAME)";
				SWIFT_EMIT_LOC_STRINGS = NO;
				SWIFT_VERSION = 5.0;
				TARGETED_DEVICE_FAMILY = "1,2";
				TEST_TARGET_NAME = users;
			};
			name = Debug;
		};
		F13E01642835FEFD00FCE0AD /* Release */ = {
			isa = XCBuildConfiguration;
			buildSettings = {
				ALWAYS_EMBED_SWIFT_STANDARD_LIBRARIES = YES;
				CODE_SIGN_STYLE = Automatic;
				CURRENT_PROJECT_VERSION = 1;
				DEVELOPMENT_TEAM = J9683NQVGY;
				GENERATE_INFOPLIST_FILE = YES;
				MARKETING_VERSION = 1.0;
				PRODUCT_BUNDLE_IDENTIFIER = com.example.usersUITests;
				PRODUCT_NAME = "$(TARGET_NAME)";
				SWIFT_EMIT_LOC_STRINGS = NO;
				SWIFT_VERSION = 5.0;
				TARGETED_DEVICE_FAMILY = "1,2";
				TEST_TARGET_NAME = users;
			};
			name = Release;
		};
/* End XCBuildConfiguration section */

/* Begin XCConfigurationList section */
		F13E01332835FEFC00FCE0AD /* Build configuration list for PBXProject "users" */ = {
			isa = XCConfigurationList;
			buildConfigurations = (
				F13E015A2835FEFD00FCE0AD /* Debug */,
				F13E015B2835FEFD00FCE0AD /* Release */,
			);
			defaultConfigurationIsVisible = 0;
			defaultConfigurationName = Release;
		};
		F13E015C2835FEFD00FCE0AD /* Build configuration list for PBXNativeTarget "users" */ = {
			isa = XCConfigurationList;
			buildConfigurations = (
				F13E015D2835FEFD00FCE0AD /* Debug */,
				F13E015E2835FEFD00FCE0AD /* Release */,
			);
			defaultConfigurationIsVisible = 0;
			defaultConfigurationName = Release;
		};
		F13E015F2835FEFD00FCE0AD /* Build configuration list for PBXNativeTarget "usersTests" */ = {
			isa = XCConfigurationList;
			buildConfigurations = (
				F13E01602835FEFD00FCE0AD /* Debug */,
				F13E01612835FEFD00FCE0AD /* Release */,
			);
			defaultConfigurationIsVisible = 0;
			defaultConfigurationName = Release;
		};
		F13E01622835FEFD00FCE0AD /* Build configuration list for PBXNativeTarget "usersUITests" */ = {
			isa = XCConfigurationList;
			buildConfigurations = (
				F13E01632835FEFD00FCE0AD /* Debug */,
				F13E01642835FEFD00FCE0AD /* Release */,
			);
			defaultConfigurationIsVisible = 0;
			defaultConfigurationName = Release;
		};
/* End XCConfigurationList section */
	};
	rootObject = F13E01302835FEFC00FCE0AD /* Project object */;
}
